{
  "version": 2,
  "dependencies": {
    "net10.0": {
      "Ardalis.SmartEnum": {
        "type": "Direct",
        "requested": "[8.2.0, )",
        "resolved": "8.2.0",
        "contentHash": "P1CLI2okpzHjOJnZMYLnzcyu1/fUJEYK1X4JSnal2TPmovrUTtXK6Sn78D2JgKUdwjSeWddnRveMj+BEZoksvg=="
      },
      "Dapper": {
        "type": "Direct",
        "requested": "[2.1.66, )",
        "resolved": "2.1.66",
        "contentHash": "/q77jUgDOS+bzkmk3Vy9SiWMaetTw+NOoPAV0xPBsGVAyljd5S6P+4RUW7R3ZUGGr9lDRyPKgAMj2UAOwvqZYw=="
      },
      "dbup-core": {
        "type": "Direct",
        "requested": "[6.0.15, )",
        "resolved": "6.0.15",
        "contentHash": "w0eaoyVitzgBiHTILEnj23smrbrxZ1nLF7K8uOyG6rvrctRtC0NTuSYHoB/3aq+B9hi9E/DiW9pOtNto5V9P3g==",
        "dependencies": {
          "Microsoft.Extensions.Logging.Abstractions": "8.0.0"
        }
      },
      "dbup-postgresql": {
        "type": "Direct",
        "requested": "[6.1.5, )",
        "resolved": "6.1.5",
        "contentHash": "oIqxqC8f2j6/VLsvzV971sOcTugytrU2sot29GlBFMJQmnkBn3S15mSgA4Qt6fOx9sdbf2rp9yGUtvocBlKu3A==",
        "dependencies": {
          "Npgsql": "9.0.4",
          "dbup-core": "6.0.15"
        }
      },
      "DotNet.ReproducibleBuilds": {
        "type": "Direct",
        "requested": "[2.0.2, )",
        "resolved": "2.0.2",
        "contentHash": "VaHoEN6YHp0jXucxm67vfuRy8zo9ufiKSuaZ4ZudRi8xmWcEFMKxfCsg2nvYNvdISFTURDu+IHqADGh53+Bamw=="
      },
      "DotNet.ReproducibleBuilds.Isolated": {
        "type": "Direct",
        "requested": "[2.0.2, )",
        "resolved": "2.0.2",
        "contentHash": "5jWfUacx6T8solcE3qkhigeCLz/PK50MOgmyf3aauKZP8LxOC2b7wmXU65Okx+9n0Nd355ShrDZ0NIKK4njvag=="
      },
      "JetBrains.Annotations": {
        "type": "Direct",
        "requested": "[2025.2.4, )",
        "resolved": "2025.2.4",
        "contentHash": "TwbgxAkXxY+vNEhNVx/QXjJ4vqxmepOjsgRvvImQPbHkHMMb4W+ahL3laMsxXKtNT7iMy+E1B3xkqao2hf1n3A=="
      },
      "Microsoft.Extensions.Configuration.Binder": {
        "type": "Direct",
        "requested": "[10.0.3, )",
        "resolved": "10.0.3",
        "contentHash": "759UhpKaR5Jsll9kXpkft4z/7tpeF7Dw2rTY/9f9JchaSQTpRFNIPkZFZvoo7fFpbjUaqtDlO5aiGpmQrp/EUA==",
        "dependencies": {
          "Microsoft.Extensions.Configuration": "10.0.3",
          "Microsoft.Extensions.Configuration.Abstractions": "10.0.3"
        }
      },
      "Microsoft.Extensions.DependencyInjection.Abstractions": {
        "type": "Direct",
        "requested": "[10.0.3, )",
        "resolved": "10.0.3",
        "contentHash": "bwGMrRcAMWx2s/RDgja97p27rxSz2pEQW0+rX5cWAUWVETVJ/eyxGfjAl8vuG5a+lckWmPIE+vcuaZNVB5YDdw=="
      },
      "Microsoft.Extensions.Diagnostics.HealthChecks.Abstractions": {
        "type": "Direct",
        "requested": "[10.0.3, )",
        "resolved": "10.0.3",
        "contentHash": "rwGWGY2Vg+8NWS+nOLrnf47K4EM1IsTffb2oOLrUyxlsq7WbVTTwTn5BUiViMZI+lLzSGVB5ItBo6hcB65uVaA=="
      },
      "Microsoft.Extensions.Identity.Core": {
        "type": "Direct",
        "requested": "[10.0.3, )",
        "resolved": "10.0.3",
        "contentHash": "GdhTmz+BiVEdsFCT7Vqjhlx8q7j7kGPLinJjudPLO48DxZjSIwh9KlOd/AYJoGR21NjkkHiWijcB3RG7rIfMqw==",
        "dependencies": {
          "Microsoft.AspNetCore.Cryptography.KeyDerivation": "10.0.3",
          "Microsoft.Extensions.Diagnostics": "10.0.3",
          "Microsoft.Extensions.Logging": "10.0.3",
          "Microsoft.Extensions.Options": "10.0.3"
        }
      },
      "Microsoft.Extensions.Options.ConfigurationExtensions": {
        "type": "Direct",
        "requested": "[10.0.3, )",
        "resolved": "10.0.3",
        "contentHash": "bn6QoBbbvwmzLIFyxrnL2/e+sqoNUOGbHyfWK9DPONMv1mDCYHm/C7MusYASM31b2lUx6OiDmonb3v+dv5t0nA==",
        "dependencies": {
          "Microsoft.Extensions.Configuration.Abstractions": "10.0.3",
          "Microsoft.Extensions.Configuration.Binder": "10.0.3",
          "Microsoft.Extensions.DependencyInjection.Abstractions": "10.0.3",
          "Microsoft.Extensions.Options": "10.0.3",
          "Microsoft.Extensions.Primitives": "10.0.3"
        }
      },
      "Microsoft.NET.ILLink.Tasks": {
        "type": "Direct",
        "requested": "[10.0.3, )",
        "resolved": "10.0.3",
        "contentHash": "0B6nZyCHWXnvmlB559oduOspVdNOnpNXPjhpWVMovLPAsDVG7A4jJR9rzECf67JUzxP8/ee/wA8clwIzJcWNFA=="
      },
      "NodaTime": {
        "type": "Direct",
        "requested": "[3.3.0, )",
        "resolved": "3.3.0",
        "contentHash": "zmUEQPp9yXyGAqWSBhxfwdDhRh4EV04lvYn4P5bUb6dTz1m5AXTYaeSLQ447YLPI2Ge5VGFj20G2DWg5gtiXZg=="
      },
      "Npgsql.DependencyInjection": {
        "type": "Direct",
        "requested": "[10.0.1, )",
        "resolved": "10.0.1",
        "contentHash": "YHFa4vD27sNIfv6s5q8Zi1fLvKfmK1xcpMv0PUvXOxDFbRmuMRSHwpZTbPvsAlj97q1/o7DfyynLqfqrCm1VnA==",
        "dependencies": {
          "Microsoft.Extensions.DependencyInjection.Abstractions": "8.0.0",
          "Npgsql": "10.0.1"
        }
      },
      "Npgsql.NodaTime": {
        "type": "Direct",
        "requested": "[10.0.1, )",
        "resolved": "10.0.1",
        "contentHash": "BGp2QsgAuMIZ2o2Od5sk9NkDB9EVMLcphVgr4s3wbh1S+ZvMXXY4RiyNTcHEhCvk42vyrcrUKEl3iNwNggy9vA==",
        "dependencies": {
          "NodaTime": "3.2.2",
          "Npgsql": "10.0.1"
        }
      },
      "Npgsql.OpenTelemetry": {
        "type": "Direct",
        "requested": "[10.0.1, )",
        "resolved": "10.0.1",
        "contentHash": "G9fEIBaHggZXWfDSDnKLc0XwKcbuU6i2eXp7zDqpgYxbhCmIN9fRgaSOGyyMNHSo/yY1IB4G4CjW5VO/SKRR0g==",
        "dependencies": {
          "Npgsql": "10.0.1",
          "OpenTelemetry.API": "1.14.0"
        }
      },
      "Microsoft.AspNetCore.Cryptography.Internal": {
        "type": "Transitive",
        "resolved": "10.0.3",
        "contentHash": "STkCfgCECt2cAekgBpXxFDefH5wd4ytYZKihIZSmQqY92BP8N9qN71qFyRpry8Sl/qT5A+bpwe8v7sjDtg5LEA=="
      },
      "Microsoft.AspNetCore.Cryptography.KeyDerivation": {
        "type": "Transitive",
        "resolved": "10.0.3",
        "contentHash": "c8GgMKpnNf8fUOKXaZXKV5XaLSlvAts8ICvcPr5CIfjHEWJtbq+URIfBGYesyhnOlWAiSgVsdCBZxMEJIHgfLw==",
        "dependencies": {
          "Microsoft.AspNetCore.Cryptography.Internal": "10.0.3"
        }
      },
      "Microsoft.Extensions.Configuration": {
        "type": "Transitive",
        "resolved": "10.0.3",
        "contentHash": "H1Cjv2xmm7O3iAGmFTcnSM0ZhLQ/7SqefmAvSJoT1PbXoxeYc2fo0mCLn2JlVbr9E6YpoU9q/o0fI9neDJB0xQ==",
        "dependencies": {
          "Microsoft.Extensions.Configuration.Abstractions": "10.0.3",
          "Microsoft.Extensions.Primitives": "10.0.3"
        }
      },
      "Microsoft.Extensions.Configuration.Abstractions": {
        "type": "Transitive",
        "resolved": "10.0.3",
        "contentHash": "xVDHL0+SIgemfh95fTO9cGLe17TWv/ZP0n7m01z8X6pzt2DmQpucioWR/mYZA1sRlkWnkXzfl0JweLNWmE9WMg==",
        "dependencies": {
          "Microsoft.Extensions.Primitives": "10.0.3"
        }
      },
      "Microsoft.Extensions.DependencyInjection": {
        "type": "Transitive",
        "resolved": "10.0.3",
        "contentHash": "2DLOmC0EkB2smVK8lPP1PIKEgL1arE3CMp9XSIQB/Y7ev5nnnyuM/PizKJ6QfLD08QCYoopSC9SFdbYglDomYg==",
        "dependencies": {
          "Microsoft.Extensions.DependencyInjection.Abstractions": "10.0.3"
        }
      },
      "Microsoft.Extensions.Diagnostics": {
        "type": "Transitive",
        "resolved": "10.0.3",
        "contentHash": "tc0R6i2T+138taoxFPQXb7Sy/4rtq4ytoJrAt4fNGs6k89mHpEhZnXUNgaFKwwb5Ud5rIUeLC6tfpsuHNwiWqg==",
        "dependencies": {
          "Microsoft.Extensions.Configuration": "10.0.3",
          "Microsoft.Extensions.Diagnostics.Abstractions": "10.0.3",
          "Microsoft.Extensions.Options.ConfigurationExtensions": "10.0.3"
        }
      },
      "Microsoft.Extensions.Diagnostics.Abstractions": {
        "type": "Transitive",
        "resolved": "10.0.3",
        "contentHash": "mQiTzAj7PIJ2A9YXR5QhgulS1fTWhmQc3ckd1Mrf3hKW07d03fBDqx8vVaFw+cRTebDOeB6pNqdWdnRxsi1hBA==",
        "dependencies": {
          "Microsoft.Extensions.DependencyInjection.Abstractions": "10.0.3",
          "Microsoft.Extensions.Options": "10.0.3"
        }
      },
      "Microsoft.Extensions.Logging": {
        "type": "Transitive",
        "resolved": "10.0.3",
        "contentHash": "8D9Er1cGXNjNDIB+VLBNHn386L5ls2FoiG9a6o12gyn+GG3w6jdfUhzT8dtBnKcevE7/fsVA8MS3FBgFfClFtQ==",
        "dependencies": {
          "Microsoft.Extensions.DependencyInjection": "10.0.3",
          "Microsoft.Extensions.Logging.Abstractions": "10.0.3",
          "Microsoft.Extensions.Options": "10.0.3"
        }
      },
      "Microsoft.Extensions.Logging.Abstractions": {
        "type": "Transitive",
        "resolved": "10.0.3",
        "contentHash": "lxl0WLk7ROgBFAsjcOYjQ8/DVK+VMszxGBzUhgtQmAsTNldLL5pk9NG/cWTsXHq0lUhUEAtZkEE7jOGOA8bGKQ==",
        "dependencies": {
          "Microsoft.Extensions.DependencyInjection.Abstractions": "10.0.3"
        }
      },
      "Microsoft.Extensions.Primitives": {
        "type": "Transitive",
        "resolved": "10.0.3",
        "contentHash": "GEcpTwo7sUoLGGNTqV1FZEuL+tTD9m81NX/mh099dqGNna07/UGZShKQNZRw4hv6nlliSUwYQgSYc7OR99Jufg=="
      },
      "Npgsql": {
        "type": "Transitive",
        "resolved": "10.0.1",
        "contentHash": "XyUcxEfqlFomhNTG/ZdGlec+uSOQArKz0Mzz8jYKP/Jj9GM2YabU5CVZtp0yiC4f9hRp+tRZTnHMatJeJ3rwgw==",
        "dependencies": {
          "Microsoft.Extensions.Logging.Abstractions": "10.0.0"
        }
      },
      "OpenTelemetry.Api": {
        "type": "Transitive",
        "resolved": "1.14.0",
        "contentHash": "foHci6viUw1f3gUB8qzz3Rk02xZIWMo299X0rxK0MoOWok/3dUVru+KKdY7WIoSHwRGpxGKkmAz9jIk2RFNbsQ=="
      },
      "Polly": {
        "type": "Transitive",
        "resolved": "7.2.4",
        "contentHash": "bw00Ck5sh6ekduDE3mnCo1ohzuad946uslCDEENu3091+6UKnBuKLo4e+yaNcCzXxOZCXWY2gV4a35+K1d4LDA=="
      },
      "Polly.Extensions.Http": {
        "type": "Transitive",
        "resolved": "3.0.0",
        "contentHash": "drrG+hB3pYFY7w1c3BD+lSGYvH2oIclH8GRSehgfyP5kjnFnHKQuuBhuHLv+PWyFuaTDyk/vfRpnxOzd11+J8g==",
        "dependencies": {
          "Polly": "7.1.0"
        }
      },
      "sponsorblock": {
        "type": "Project",
        "dependencies": {
          "Ardalis.SmartEnum.SystemTextJson": "[8.1.0, )",
          "Microsoft.Extensions.DependencyInjection.Abstractions": "[10.0.3, )",
          "Microsoft.Extensions.Http": "[10.0.3, )",
          "Microsoft.Extensions.Http.Polly": "[10.0.3, )",
          "Polly.Contrib.WaitAndRetry": "[1.1.1, )"
        }
      },
      "Ardalis.SmartEnum.SystemTextJson": {
        "type": "CentralTransitive",
        "requested": "[8.1.0, )",
        "resolved": "8.1.0",
        "contentHash": "LHEnyxdffnqVw6aBDEGqjZinYdDaASOEMigiza9EeW+0q0TBufANZszt0ocu3MZzN/K3yZge4ppwFQ9/jJhm+w==",
        "dependencies": {
          "Ardalis.SmartEnum": "8.1.0"
        }
      },
      "Microsoft.Extensions.Http": {
        "type": "CentralTransitive",
        "requested": "[10.0.3, )",
        "resolved": "10.0.3",
        "contentHash": "M5gWob3dtzlF14oto1lR1ZuSJrR0gGc+obv7zY9LGmX5y3Ndpve29MrrjqJW/m4CFud4TE/KFUuHjjtwxhCO8g==",
        "dependencies": {
          "Microsoft.Extensions.Configuration.Abstractions": "10.0.3",
          "Microsoft.Extensions.DependencyInjection.Abstractions": "10.0.3",
          "Microsoft.Extensions.Diagnostics": "10.0.3",
          "Microsoft.Extensions.Logging": "10.0.3",
          "Microsoft.Extensions.Logging.Abstractions": "10.0.3",
          "Microsoft.Extensions.Options": "10.0.3"
        }
      },
      "Microsoft.Extensions.Http.Polly": {
        "type": "CentralTransitive",
        "requested": "[10.0.3, )",
        "resolved": "10.0.3",
        "contentHash": "Dl3wUj5Fdk6AuPDCDBBcpnAW/mYfmfr+48g3fE4JCQiVSIjLGqjg1tyw5/dZnLHlC+tgzr6rntD7bBgigpZBhw==",
        "dependencies": {
          "Microsoft.Extensions.Http": "10.0.3",
          "Polly": "7.2.4",
          "Polly.Extensions.Http": "3.0.0"
        }
      },
      "Microsoft.Extensions.Options": {
        "type": "CentralTransitive",
        "requested": "[10.0.3, )",
        "resolved": "10.0.3",
        "contentHash": "hU6WzGTPvPoLA2ng1ILvWQb3g0qORdlHNsxI8IcPLumJb3suimYUl+bbDzdo1V4KFsvVhnMWzysHpKbZaoDQPQ==",
        "dependencies": {
          "Microsoft.Extensions.DependencyInjection.Abstractions": "10.0.3",
          "Microsoft.Extensions.Primitives": "10.0.3"
        }
      },
      "Polly.Contrib.WaitAndRetry": {
        "type": "CentralTransitive",
        "requested": "[1.1.1, )",
        "resolved": "1.1.1",
        "contentHash": "1MUQLiSo4KDkQe6nzQRhIU05lm9jlexX5BVsbuw0SL82ynZ+GzAHQxJVDPVBboxV37Po3SG077aX8DuSy8TkaA=="
      }
    }
  }
}