{
  "version": 2,
  "dependencies": {
    "net10.0": {
      "DotNet.ReproducibleBuilds": {
        "type": "Direct",
        "requested": "[1.2.39, )",
        "resolved": "1.2.39",
        "contentHash": "fcFN01tDTIQqDuTwr1jUQK/geofiwjG5DycJQOnC72i1SsLAk1ELe+apBOuZ11UMQG8YKFZG1FgvjZPbqHyatg=="
      },
      "DotNet.ReproducibleBuilds.Isolated": {
        "type": "Direct",
        "requested": "[1.2.39, )",
        "resolved": "1.2.39",
        "contentHash": "N5LaMgUe+X1fJg6VbX+bjhig9U4qV2AlA1s1KhhP9mrW64O444xSr53fsif8gdfeticVf/GrVP/LCIETcQXQlw=="
      },
      "JetBrains.Annotations": {
        "type": "Direct",
        "requested": "[2025.2.4, )",
        "resolved": "2025.2.4",
        "contentHash": "TwbgxAkXxY+vNEhNVx/QXjJ4vqxmepOjsgRvvImQPbHkHMMb4W+ahL3laMsxXKtNT7iMy+E1B3xkqao2hf1n3A=="
      },
      "Microsoft.NET.ILLink.Tasks": {
        "type": "Direct",
        "requested": "[10.0.1, )",
        "resolved": "10.0.1",
        "contentHash": "ISahzLHsHY7vrwqr2p1YWZ+gsxoBRtH7gWRDK8fDUst9pp2He0GiesaqEfeX0V8QMCJM3eNEHGGpnIcPjFo2NQ=="
      }
    }
  }
}